
Microsoft Visual Studio Solution File, Format Version 12.00
# Visual Studio Version 17
VisualStudioVersion = 17.6.33723.286
MinimumVisualStudioVersion = 10.0.40219.1
Project("{FAE04EC0-301F-11D3-BF4B-00C04F79EFBC}") = "DatesAPI", "DatesAPI\DatesAPI.csproj", "{1E6492C6-9E19-457F-B8AF-FECB43315B43}"
EndProject
Global
	GlobalSection(SolutionConfigurationPlatforms) = preSolution
		Debug|Any CPU = Debug|Any CPU
		Release|Any CPU = Release|Any CPU
	EndGlobalSection
	GlobalSection(ProjectConfigurationPlatforms) = postSolution
		{1E6492C6-9E19-457F-B8AF-FECB43315B43}.Debug|Any CPU.ActiveCfg = Debug|Any CPU
		{1E6492C6-9E19-457F-B8AF-FECB43315B43}.Debug|Any CPU.Build.0 = Debug|Any CPU
		{1E6492C6-9E19-457F-B8AF-FECB43315B43}.Release|Any CPU.ActiveCfg = Release|Any CPU
		{1E6492C6-9E19-457F-B8AF-FECB43315B43}.Release|Any CPU.Build.0 = Release|Any CPU
	EndGlobalSection
	GlobalSection(SolutionProperties) = preSolution
		HideSolutionNode = FALSE
	EndGlobalSection
	GlobalSection(ExtensibilityGlobals) = postSolution
		SolutionGuid = {3E166984-846F-43BE-9506-D16669F4E496}
	EndGlobalSection
EndGlobal
